
Microsoft Visual Studio Solution File, Format Version 12.00
# Visual Studio 15
VisualStudioVersion = 15.0.27004.2002
MinimumVisualStudioVersion = 10.0.40219.1
Project("{FAE04EC0-301F-11D3-BF4B-00C04F79EFBC}") = "Wow.Tv.Middle.WcfService", "Wow.Tv.Middle.WcfService\Wow.Tv.Middle.WcfService.csproj", "{238CEEC5-FD69-4A40-82A2-70DC28FDF464}"
EndProject
Project("{FAE04EC0-301F-11D3-BF4B-00C04F79EFBC}") = "Wow.Tv.Middle.Biz", "Wow.Tv.Middle.Biz\Wow.Tv.Middle.Biz.csproj", "{1AE95BD6-0028-4C77-9AE6-1AEF8C993EE2}"
EndProject
Project("{FAE04EC0-301F-11D3-BF4B-00C04F79EFBC}") = "Wow.Fx", "Wow.Fx\Wow.Fx.csproj", "{233041B5-46C7-42A5-99E9-A367683B0F8B}"
EndProject
Project("{2150E333-8FDC-42A3-9474-1A3956D46DE8}") = "Wow.Tv.Middle.Model", "Wow.Tv.Middle.Model", "{BF1AE2AF-4068-4456-9FF6-7E3E30CA340D}"
EndProject
Project("{2150E333-8FDC-42A3-9474-1A3956D46DE8}") = "Db49", "Db49", "{8F44416E-79E1-4BFA-8CD6-F97AE9A17778}"
EndProject
Project("{FAE04EC0-301F-11D3-BF4B-00C04F79EFBC}") = "Wow.Tv.Middle.Model.Db49.wowtv", "Wow.Tv.Middle.Model.Db49.wowtv\Wow.Tv.Middle.Model.Db49.wowtv.csproj", "{5F0A7356-AE94-4000-8C6C-0984EAE752BA}"
EndProject
Project("{FAE04EC0-301F-11D3-BF4B-00C04F79EFBC}") = "Wow.Tv.Middle.Model.Common", "Wow.Tv.Middle.Model.Common\Wow.Tv.Middle.Model.Common.csproj", "{24D91979-0298-4A67-A1A0-D9A61B95033D}"
EndProject
Project("{2150E333-8FDC-42A3-9474-1A3956D46DE8}") = "Db51", "Db51", "{D2791D6C-F6DE-4D1D-BD7F-77B4EED0DC2C}"
EndProject
Project("{FAE04EC0-301F-11D3-BF4B-00C04F79EFBC}") = "Wow.Tv.Middle.Model.Db51.ARSsms", "Wow.Tv.Middle.Model.Db51.ARSsms\Wow.Tv.Middle.Model.Db51.ARSsms.csproj", "{2269E5BE-77E6-4BE4-B7C3-0196532025F1}"
EndProject
Project("{FAE04EC0-301F-11D3-BF4B-00C04F79EFBC}") = "Wow.Tv.Middle.Model.Db49.Article", "Wow.Tv.Middle.Model.Db49.Article\Wow.Tv.Middle.Model.Db49.Article.csproj", "{11EFCE12-B977-400F-A874-9479CEDD31D2}"
EndProject
Project("{FAE04EC0-301F-11D3-BF4B-00C04F79EFBC}") = "Wow.Tv.Middle.Model.Db49.wownet", "Wow.Tv.Middle.Model.Db49.wownet\Wow.Tv.Middle.Model.Db49.wownet.csproj", "{8620DBD8-4216-4E47-A23D-49F1E0B0AD0F}"
EndProject
Project("{2150E333-8FDC-42A3-9474-1A3956D46DE8}") = "Db22", "Db22", "{071F4ED4-5A2D-426E-842D-5BAC14DABE72}"
EndProject
Project("{FAE04EC0-301F-11D3-BF4B-00C04F79EFBC}") = "Wow.Tv.Middle.Model.Db22.stock", "Wow.Tv.Middle.Model.Db22.stock\Wow.Tv.Middle.Model.Db22.stock.csproj", "{CD9BBCB3-3264-4FEE-9E28-186772E19CEB}"
EndProject
Project("{FAE04EC0-301F-11D3-BF4B-00C04F79EFBC}") = "Wow.Tv.Middle.Model.Db51.contents", "Wow.Tv.Middle.Model.Db51.contents\Wow.Tv.Middle.Model.Db51.contents.csproj", "{CDD103E0-25DD-42A9-83B2-798FB7EF734C}"
EndProject
Project("{2150E333-8FDC-42A3-9474-1A3956D46DE8}") = "Db90", "Db90", "{8270B742-E008-409B-93AB-E5FFDD6105BF}"
EndProject
Project("{FAE04EC0-301F-11D3-BF4B-00C04F79EFBC}") = "Wow.Tv.Middle.Model.Db90.DNRS", "Wow.Tv.Middle.Model.Db90.DNRS\Wow.Tv.Middle.Model.Db90.DNRS.csproj", "{34C3A7B6-755E-4078-9A2B-E9F148670A64}"
EndProject
Project("{2150E333-8FDC-42A3-9474-1A3956D46DE8}") = "Db89", "Db89", "{ABB7D305-78A6-4A81-A741-B01C14B52B3D}"
EndProject
Project("{FAE04EC0-301F-11D3-BF4B-00C04F79EFBC}") = "Wow.Tv.Middle.Model.Db89.wowbill", "Wow.Tv.Middle.Model.Db89.wowbill\Wow.Tv.Middle.Model.Db89.wowbill.csproj", "{ACCB1BE6-82A2-4942-A40E-C5108E11E1C0}"
EndProject
Project("{FAE04EC0-301F-11D3-BF4B-00C04F79EFBC}") = "Wow.Tv.Middle.Model.Db49.broadcast", "Wow.Tv.Middle.Model.Db49.broadcast\Wow.Tv.Middle.Model.Db49.broadcast.csproj", "{EAFB84B9-FB57-4678-A028-B0F1AE5B8E15}"
EndProject
Project("{FAE04EC0-301F-11D3-BF4B-00C04F79EFBC}") = "Wow.Tv.Middle.Model.Db49.editVOD", "Wow.Tv.Middle.Model.Db49.editVOD\Wow.Tv.Middle.Model.Db49.editVOD.csproj", "{A8415F2F-9BC4-4368-81BC-DDC237A3598B}"
EndProject
Project("{FAE04EC0-301F-11D3-BF4B-00C04F79EFBC}") = "Wow.Tv.Middle.Model.Db49.wowcafe", "Wow.Tv.Middle.Model.Db49.wowcafe\Wow.Tv.Middle.Model.Db49.wowcafe.csproj", "{E1448316-917F-4F69-9059-0CF91DCBE4DD}"
EndProject
Project("{FAE04EC0-301F-11D3-BF4B-00C04F79EFBC}") = "Wow.Tv.Middle.Model.Db51.WOWMMS", "Wow.Tv.Middle.Model.Db51.WOWMMS\Wow.Tv.Middle.Model.Db51.WOWMMS.csproj", "{C59E1F7F-307E-4C8D-99B7-5C0252D083CE}"
EndProject
Project("{FAE04EC0-301F-11D3-BF4B-00C04F79EFBC}") = "Wow.Tv.Middle.Model.Db89.WOWTV_BILL_DB", "Wow.Tv.Middle.Model.Db89.WOWTV_BILL_DB\Wow.Tv.Middle.Model.Db89.WOWTV_BILL_DB.csproj", "{8D6D9172-4F25-48D5-8E2B-7C992A4CBF29}"
EndProject
Project("{FAE04EC0-301F-11D3-BF4B-00C04F79EFBC}") = "Wow.Tv.Middle.Model.Db51.ARSConsult", "Wow.Tv.Middle.Model.Db51.ARSConsult\Wow.Tv.Middle.Model.Db51.ARSConsult.csproj", "{1A9AF975-69F5-44E2-B370-F41FEB65F2BE}"
EndProject
Project("{2150E333-8FDC-42A3-9474-1A3956D46DE8}") = "Db35", "Db35", "{CBA6FED4-A7A3-4373-B59F-A7F0528B08E6}"
EndProject
Project("{FAE04EC0-301F-11D3-BF4B-00C04F79EFBC}") = "Wow.Tv.Middle.Model.Db35.chinaguide", "Wow.Tv.Middle.Model.Db35.chinaguide\Wow.Tv.Middle.Model.Db35.chinaguide.csproj", "{6F8E6D6F-F679-4E0B-A503-330AB0D3CAB7}"
EndProject
Project("{2150E333-8FDC-42A3-9474-1A3956D46DE8}") = "Db123", "Db123", "{A6A8DEF1-4DB2-4862-AE29-E9495466EF66}"
EndProject
Project("{FAE04EC0-301F-11D3-BF4B-00C04F79EFBC}") = "Wow.Tv.Middle.Model.Db123.WOW4989", "Wow.Tv.Middle.Model.Db123.WOW4989\Wow.Tv.Middle.Model.Db123.WOW4989.csproj", "{F5FEF2BC-089E-4C85-A382-91DAA6F2B67A}"
EndProject
Project("{2150E333-8FDC-42A3-9474-1A3956D46DE8}") = "Db16", "Db16", "{3CA219D6-3E55-4E21-9FA3-C703B27A23E9}"
EndProject
Project("{FAE04EC0-301F-11D3-BF4B-00C04F79EFBC}") = "Wow.Tv.Middle.Model.Db16.wowfa", "Wow.Tv.Middle.Model.Db16.wowfa\Wow.Tv.Middle.Model.Db16.wowfa.csproj", "{0AA04536-B3EB-426D-A9D2-C5DC885EEAF4}"
EndProject
Project("{FAE04EC0-301F-11D3-BF4B-00C04F79EFBC}") = "Wow.Tv.Middle.Model.Db51.ems50", "Wow.Tv.Middle.Model.Db51.ems50\Wow.Tv.Middle.Model.Db51.ems50.csproj", "{35D01149-BAFA-4B99-A65F-80E476D8F2C6}"
EndProject
Project("{FAE04EC0-301F-11D3-BF4B-00C04F79EFBC}") = "Wow.Tv.Middle.Model.Db89.Sleep_wowbill", "Wow.Tv.Middle.Model.Db89.Sleep_wowbill\Wow.Tv.Middle.Model.Db89.Sleep_wowbill.csproj", "{ED02F49C-598C-4082-B92E-4F6E3A814EB1}"
EndProject
Global
	GlobalSection(SubversionScc) = preSolution
		Svn-Managed = True
		Manager = AnkhSVN - Subversion Support for Visual Studio
	EndGlobalSection
	GlobalSection(SolutionConfigurationPlatforms) = preSolution
		Debug|Any CPU = Debug|Any CPU
		Release|Any CPU = Release|Any CPU
	EndGlobalSection
	GlobalSection(ProjectConfigurationPlatforms) = postSolution
		{238CEEC5-FD69-4A40-82A2-70DC28FDF464}.Debug|Any CPU.ActiveCfg = Debug|Any CPU
		{238CEEC5-FD69-4A40-82A2-70DC28FDF464}.Debug|Any CPU.Build.0 = Debug|Any CPU
		{238CEEC5-FD69-4A40-82A2-70DC28FDF464}.Release|Any CPU.ActiveCfg = Release|Any CPU
		{238CEEC5-FD69-4A40-82A2-70DC28FDF464}.Release|Any CPU.Build.0 = Release|Any CPU
		{1AE95BD6-0028-4C77-9AE6-1AEF8C993EE2}.Debug|Any CPU.ActiveCfg = Debug|Any CPU
		{1AE95BD6-0028-4C77-9AE6-1AEF8C993EE2}.Debug|Any CPU.Build.0 = Debug|Any CPU
		{1AE95BD6-0028-4C77-9AE6-1AEF8C993EE2}.Release|Any CPU.ActiveCfg = Release|Any CPU
		{1AE95BD6-0028-4C77-9AE6-1AEF8C993EE2}.Release|Any CPU.Build.0 = Release|Any CPU
		{233041B5-46C7-42A5-99E9-A367683B0F8B}.Debug|Any CPU.ActiveCfg = Debug|Any CPU
		{233041B5-46C7-42A5-99E9-A367683B0F8B}.Debug|Any CPU.Build.0 = Debug|Any CPU
		{233041B5-46C7-42A5-99E9-A367683B0F8B}.Release|Any CPU.ActiveCfg = Release|Any CPU
		{233041B5-46C7-42A5-99E9-A367683B0F8B}.Release|Any CPU.Build.0 = Release|Any CPU
		{5F0A7356-AE94-4000-8C6C-0984EAE752BA}.Debug|Any CPU.ActiveCfg = Debug|Any CPU
		{5F0A7356-AE94-4000-8C6C-0984EAE752BA}.Debug|Any CPU.Build.0 = Debug|Any CPU
		{5F0A7356-AE94-4000-8C6C-0984EAE752BA}.Release|Any CPU.ActiveCfg = Release|Any CPU
		{5F0A7356-AE94-4000-8C6C-0984EAE752BA}.Release|Any CPU.Build.0 = Release|Any CPU
		{24D91979-0298-4A67-A1A0-D9A61B95033D}.Debug|Any CPU.ActiveCfg = Debug|Any CPU
		{24D91979-0298-4A67-A1A0-D9A61B95033D}.Debug|Any CPU.Build.0 = Debug|Any CPU
		{24D91979-0298-4A67-A1A0-D9A61B95033D}.Release|Any CPU.ActiveCfg = Release|Any CPU
		{24D91979-0298-4A67-A1A0-D9A61B95033D}.Release|Any CPU.Build.0 = Release|Any CPU
		{2269E5BE-77E6-4BE4-B7C3-0196532025F1}.Debug|Any CPU.ActiveCfg = Debug|Any CPU
		{2269E5BE-77E6-4BE4-B7C3-0196532025F1}.Debug|Any CPU.Build.0 = Debug|Any CPU
		{2269E5BE-77E6-4BE4-B7C3-0196532025F1}.Release|Any CPU.ActiveCfg = Release|Any CPU
		{2269E5BE-77E6-4BE4-B7C3-0196532025F1}.Release|Any CPU.Build.0 = Release|Any CPU
		{11EFCE12-B977-400F-A874-9479CEDD31D2}.Debug|Any CPU.ActiveCfg = Debug|Any CPU
		{11EFCE12-B977-400F-A874-9479CEDD31D2}.Debug|Any CPU.Build.0 = Debug|Any CPU
		{11EFCE12-B977-400F-A874-9479CEDD31D2}.Release|Any CPU.ActiveCfg = Release|Any CPU
		{11EFCE12-B977-400F-A874-9479CEDD31D2}.Release|Any CPU.Build.0 = Release|Any CPU
		{8620DBD8-4216-4E47-A23D-49F1E0B0AD0F}.Debug|Any CPU.ActiveCfg = Debug|Any CPU
		{8620DBD8-4216-4E47-A23D-49F1E0B0AD0F}.Debug|Any CPU.Build.0 = Debug|Any CPU
		{8620DBD8-4216-4E47-A23D-49F1E0B0AD0F}.Release|Any CPU.ActiveCfg = Release|Any CPU
		{8620DBD8-4216-4E47-A23D-49F1E0B0AD0F}.Release|Any CPU.Build.0 = Release|Any CPU
		{CD9BBCB3-3264-4FEE-9E28-186772E19CEB}.Debug|Any CPU.ActiveCfg = Debug|Any CPU
		{CD9BBCB3-3264-4FEE-9E28-186772E19CEB}.Debug|Any CPU.Build.0 = Debug|Any CPU
		{CD9BBCB3-3264-4FEE-9E28-186772E19CEB}.Release|Any CPU.ActiveCfg = Release|Any CPU
		{CD9BBCB3-3264-4FEE-9E28-186772E19CEB}.Release|Any CPU.Build.0 = Release|Any CPU
		{CDD103E0-25DD-42A9-83B2-798FB7EF734C}.Debug|Any CPU.ActiveCfg = Debug|Any CPU
		{CDD103E0-25DD-42A9-83B2-798FB7EF734C}.Debug|Any CPU.Build.0 = Debug|Any CPU
		{CDD103E0-25DD-42A9-83B2-798FB7EF734C}.Release|Any CPU.ActiveCfg = Release|Any CPU
		{CDD103E0-25DD-42A9-83B2-798FB7EF734C}.Release|Any CPU.Build.0 = Release|Any CPU
		{34C3A7B6-755E-4078-9A2B-E9F148670A64}.Debug|Any CPU.ActiveCfg = Debug|Any CPU
		{34C3A7B6-755E-4078-9A2B-E9F148670A64}.Debug|Any CPU.Build.0 = Debug|Any CPU
		{34C3A7B6-755E-4078-9A2B-E9F148670A64}.Release|Any CPU.ActiveCfg = Release|Any CPU
		{34C3A7B6-755E-4078-9A2B-E9F148670A64}.Release|Any CPU.Build.0 = Release|Any CPU
		{ACCB1BE6-82A2-4942-A40E-C5108E11E1C0}.Debug|Any CPU.ActiveCfg = Debug|Any CPU
		{ACCB1BE6-82A2-4942-A40E-C5108E11E1C0}.Debug|Any CPU.Build.0 = Debug|Any CPU
		{ACCB1BE6-82A2-4942-A40E-C5108E11E1C0}.Release|Any CPU.ActiveCfg = Release|Any CPU
		{ACCB1BE6-82A2-4942-A40E-C5108E11E1C0}.Release|Any CPU.Build.0 = Release|Any CPU
		{EAFB84B9-FB57-4678-A028-B0F1AE5B8E15}.Debug|Any CPU.ActiveCfg = Debug|Any CPU
		{EAFB84B9-FB57-4678-A028-B0F1AE5B8E15}.Debug|Any CPU.Build.0 = Debug|Any CPU
		{EAFB84B9-FB57-4678-A028-B0F1AE5B8E15}.Release|Any CPU.ActiveCfg = Release|Any CPU
		{EAFB84B9-FB57-4678-A028-B0F1AE5B8E15}.Release|Any CPU.Build.0 = Release|Any CPU
		{A8415F2F-9BC4-4368-81BC-DDC237A3598B}.Debug|Any CPU.ActiveCfg = Debug|Any CPU
		{A8415F2F-9BC4-4368-81BC-DDC237A3598B}.Debug|Any CPU.Build.0 = Debug|Any CPU
		{A8415F2F-9BC4-4368-81BC-DDC237A3598B}.Release|Any CPU.ActiveCfg = Release|Any CPU
		{A8415F2F-9BC4-4368-81BC-DDC237A3598B}.Release|Any CPU.Build.0 = Release|Any CPU
		{E1448316-917F-4F69-9059-0CF91DCBE4DD}.Debug|Any CPU.ActiveCfg = Debug|Any CPU
		{E1448316-917F-4F69-9059-0CF91DCBE4DD}.Debug|Any CPU.Build.0 = Debug|Any CPU
		{E1448316-917F-4F69-9059-0CF91DCBE4DD}.Release|Any CPU.ActiveCfg = Release|Any CPU
		{E1448316-917F-4F69-9059-0CF91DCBE4DD}.Release|Any CPU.Build.0 = Release|Any CPU
		{C59E1F7F-307E-4C8D-99B7-5C0252D083CE}.Debug|Any CPU.ActiveCfg = Debug|Any CPU
		{C59E1F7F-307E-4C8D-99B7-5C0252D083CE}.Debug|Any CPU.Build.0 = Debug|Any CPU
		{C59E1F7F-307E-4C8D-99B7-5C0252D083CE}.Release|Any CPU.ActiveCfg = Release|Any CPU
		{C59E1F7F-307E-4C8D-99B7-5C0252D083CE}.Release|Any CPU.Build.0 = Release|Any CPU
		{8D6D9172-4F25-48D5-8E2B-7C992A4CBF29}.Debug|Any CPU.ActiveCfg = Debug|Any CPU
		{8D6D9172-4F25-48D5-8E2B-7C992A4CBF29}.Debug|Any CPU.Build.0 = Debug|Any CPU
		{8D6D9172-4F25-48D5-8E2B-7C992A4CBF29}.Release|Any CPU.ActiveCfg = Release|Any CPU
		{8D6D9172-4F25-48D5-8E2B-7C992A4CBF29}.Release|Any CPU.Build.0 = Release|Any CPU
		{1A9AF975-69F5-44E2-B370-F41FEB65F2BE}.Debug|Any CPU.ActiveCfg = Debug|Any CPU
		{1A9AF975-69F5-44E2-B370-F41FEB65F2BE}.Debug|Any CPU.Build.0 = Debug|Any CPU
		{1A9AF975-69F5-44E2-B370-F41FEB65F2BE}.Release|Any CPU.ActiveCfg = Release|Any CPU
		{1A9AF975-69F5-44E2-B370-F41FEB65F2BE}.Release|Any CPU.Build.0 = Release|Any CPU
		{6F8E6D6F-F679-4E0B-A503-330AB0D3CAB7}.Debug|Any CPU.ActiveCfg = Debug|Any CPU
		{6F8E6D6F-F679-4E0B-A503-330AB0D3CAB7}.Debug|Any CPU.Build.0 = Debug|Any CPU
		{6F8E6D6F-F679-4E0B-A503-330AB0D3CAB7}.Release|Any CPU.ActiveCfg = Release|Any CPU
		{6F8E6D6F-F679-4E0B-A503-330AB0D3CAB7}.Release|Any CPU.Build.0 = Release|Any CPU
		{F5FEF2BC-089E-4C85-A382-91DAA6F2B67A}.Debug|Any CPU.ActiveCfg = Debug|Any CPU
		{F5FEF2BC-089E-4C85-A382-91DAA6F2B67A}.Debug|Any CPU.Build.0 = Debug|Any CPU
		{F5FEF2BC-089E-4C85-A382-91DAA6F2B67A}.Release|Any CPU.ActiveCfg = Release|Any CPU
		{F5FEF2BC-089E-4C85-A382-91DAA6F2B67A}.Release|Any CPU.Build.0 = Release|Any CPU
		{0AA04536-B3EB-426D-A9D2-C5DC885EEAF4}.Debug|Any CPU.ActiveCfg = Debug|Any CPU
		{0AA04536-B3EB-426D-A9D2-C5DC885EEAF4}.Debug|Any CPU.Build.0 = Debug|Any CPU
		{0AA04536-B3EB-426D-A9D2-C5DC885EEAF4}.Release|Any CPU.ActiveCfg = Release|Any CPU
		{0AA04536-B3EB-426D-A9D2-C5DC885EEAF4}.Release|Any CPU.Build.0 = Release|Any CPU
		{35D01149-BAFA-4B99-A65F-80E476D8F2C6}.Debug|Any CPU.ActiveCfg = Debug|Any CPU
		{35D01149-BAFA-4B99-A65F-80E476D8F2C6}.Debug|Any CPU.Build.0 = Debug|Any CPU
		{35D01149-BAFA-4B99-A65F-80E476D8F2C6}.Release|Any CPU.ActiveCfg = Release|Any CPU
		{35D01149-BAFA-4B99-A65F-80E476D8F2C6}.Release|Any CPU.Build.0 = Release|Any CPU
		{ED02F49C-598C-4082-B92E-4F6E3A814EB1}.Debug|Any CPU.ActiveCfg = Debug|Any CPU
		{ED02F49C-598C-4082-B92E-4F6E3A814EB1}.Debug|Any CPU.Build.0 = Debug|Any CPU
		{ED02F49C-598C-4082-B92E-4F6E3A814EB1}.Release|Any CPU.ActiveCfg = Release|Any CPU
		{ED02F49C-598C-4082-B92E-4F6E3A814EB1}.Release|Any CPU.Build.0 = Release|Any CPU
	EndGlobalSection
	GlobalSection(SolutionProperties) = preSolution
		HideSolutionNode = FALSE
	EndGlobalSection
	GlobalSection(NestedProjects) = preSolution
		{8F44416E-79E1-4BFA-8CD6-F97AE9A17778} = {BF1AE2AF-4068-4456-9FF6-7E3E30CA340D}
		{5F0A7356-AE94-4000-8C6C-0984EAE752BA} = {8F44416E-79E1-4BFA-8CD6-F97AE9A17778}
		{24D91979-0298-4A67-A1A0-D9A61B95033D} = {BF1AE2AF-4068-4456-9FF6-7E3E30CA340D}
		{D2791D6C-F6DE-4D1D-BD7F-77B4EED0DC2C} = {BF1AE2AF-4068-4456-9FF6-7E3E30CA340D}
		{2269E5BE-77E6-4BE4-B7C3-0196532025F1} = {D2791D6C-F6DE-4D1D-BD7F-77B4EED0DC2C}
		{11EFCE12-B977-400F-A874-9479CEDD31D2} = {8F44416E-79E1-4BFA-8CD6-F97AE9A17778}
		{8620DBD8-4216-4E47-A23D-49F1E0B0AD0F} = {8F44416E-79E1-4BFA-8CD6-F97AE9A17778}
		{071F4ED4-5A2D-426E-842D-5BAC14DABE72} = {BF1AE2AF-4068-4456-9FF6-7E3E30CA340D}
		{CD9BBCB3-3264-4FEE-9E28-186772E19CEB} = {071F4ED4-5A2D-426E-842D-5BAC14DABE72}
		{CDD103E0-25DD-42A9-83B2-798FB7EF734C} = {D2791D6C-F6DE-4D1D-BD7F-77B4EED0DC2C}
		{8270B742-E008-409B-93AB-E5FFDD6105BF} = {BF1AE2AF-4068-4456-9FF6-7E3E30CA340D}
		{34C3A7B6-755E-4078-9A2B-E9F148670A64} = {8270B742-E008-409B-93AB-E5FFDD6105BF}
		{ABB7D305-78A6-4A81-A741-B01C14B52B3D} = {BF1AE2AF-4068-4456-9FF6-7E3E30CA340D}
		{ACCB1BE6-82A2-4942-A40E-C5108E11E1C0} = {ABB7D305-78A6-4A81-A741-B01C14B52B3D}
		{EAFB84B9-FB57-4678-A028-B0F1AE5B8E15} = {8F44416E-79E1-4BFA-8CD6-F97AE9A17778}
		{A8415F2F-9BC4-4368-81BC-DDC237A3598B} = {8F44416E-79E1-4BFA-8CD6-F97AE9A17778}
		{E1448316-917F-4F69-9059-0CF91DCBE4DD} = {8F44416E-79E1-4BFA-8CD6-F97AE9A17778}
		{C59E1F7F-307E-4C8D-99B7-5C0252D083CE} = {D2791D6C-F6DE-4D1D-BD7F-77B4EED0DC2C}
		{8D6D9172-4F25-48D5-8E2B-7C992A4CBF29} = {ABB7D305-78A6-4A81-A741-B01C14B52B3D}
		{1A9AF975-69F5-44E2-B370-F41FEB65F2BE} = {D2791D6C-F6DE-4D1D-BD7F-77B4EED0DC2C}
		{CBA6FED4-A7A3-4373-B59F-A7F0528B08E6} = {BF1AE2AF-4068-4456-9FF6-7E3E30CA340D}
		{6F8E6D6F-F679-4E0B-A503-330AB0D3CAB7} = {CBA6FED4-A7A3-4373-B59F-A7F0528B08E6}
		{A6A8DEF1-4DB2-4862-AE29-E9495466EF66} = {BF1AE2AF-4068-4456-9FF6-7E3E30CA340D}
		{F5FEF2BC-089E-4C85-A382-91DAA6F2B67A} = {A6A8DEF1-4DB2-4862-AE29-E9495466EF66}
		{3CA219D6-3E55-4E21-9FA3-C703B27A23E9} = {BF1AE2AF-4068-4456-9FF6-7E3E30CA340D}
		{0AA04536-B3EB-426D-A9D2-C5DC885EEAF4} = {3CA219D6-3E55-4E21-9FA3-C703B27A23E9}
		{35D01149-BAFA-4B99-A65F-80E476D8F2C6} = {D2791D6C-F6DE-4D1D-BD7F-77B4EED0DC2C}
		{ED02F49C-598C-4082-B92E-4F6E3A814EB1} = {ABB7D305-78A6-4A81-A741-B01C14B52B3D}
	EndGlobalSection
	GlobalSection(ExtensibilityGlobals) = postSolution
		SolutionGuid = {233817E2-B102-4E12-89CD-4CBA456A2AE7}
	EndGlobalSection
EndGlobal
